
Microsoft Visual Studio Solution File, Format Version 12.00
# Visual Studio Version 17
VisualStudioVersion = 17.6.33712.159
MinimumVisualStudioVersion = 10.0.40219.1
Project("{FAE04EC0-301F-11D3-BF4B-00C04F79EFBC}") = "ConsoleApp1", "ConsoleApp1\ConsoleApp1.csproj", "{B16DC3B2-18B6-4D99-8BDF-D5CFE5BC613C}"
EndProject
Global
	GlobalSection(SolutionConfigurationPlatforms) = preSolution
		Debug|Any CPU = Debug|Any CPU
		Release|Any CPU = Release|Any CPU
	EndGlobalSection
	GlobalSection(ProjectConfigurationPlatforms) = postSolution
		{B16DC3B2-18B6-4D99-8BDF-D5CFE5BC613C}.Debug|Any CPU.ActiveCfg = Debug|Any CPU
		{B16DC3B2-18B6-4D99-8BDF-D5CFE5BC613C}.Debug|Any CPU.Build.0 = Debug|Any CPU
		{B16DC3B2-18B6-4D99-8BDF-D5CFE5BC613C}.Release|Any CPU.ActiveCfg = Release|Any CPU
		{B16DC3B2-18B6-4D99-8BDF-D5CFE5BC613C}.Release|Any CPU.Build.0 = Release|Any CPU
	EndGlobalSection
	GlobalSection(SolutionProperties) = preSolution
		HideSolutionNode = FALSE
	EndGlobalSection
	GlobalSection(ExtensibilityGlobals) = postSolution
		SolutionGuid = {5FA17B3E-A2C0-43DA-A069-FE3B2E10D4F8}
	EndGlobalSection
EndGlobal
