
Microsoft Visual Studio Solution File, Format Version 12.00
# Visual Studio Version 17
VisualStudioVersion = 17.6.33712.159
MinimumVisualStudioVersion = 10.0.40219.1
Project("{FAE04EC0-301F-11D3-BF4B-00C04F79EFBC}") = "ConsoleApp1", "ConsoleApp1\ConsoleApp1.csproj", "{486CBC54-6144-4A1B-B653-217F54A2F226}"
EndProject
Global
	GlobalSection(SolutionConfigurationPlatforms) = preSolution
		Debug|Any CPU = Debug|Any CPU
		Release|Any CPU = Release|Any CPU
	EndGlobalSection
	GlobalSection(ProjectConfigurationPlatforms) = postSolution
		{486CBC54-6144-4A1B-B653-217F54A2F226}.Debug|Any CPU.ActiveCfg = Debug|Any CPU
		{486CBC54-6144-4A1B-B653-217F54A2F226}.Debug|Any CPU.Build.0 = Debug|Any CPU
		{486CBC54-6144-4A1B-B653-217F54A2F226}.Release|Any CPU.ActiveCfg = Release|Any CPU
		{486CBC54-6144-4A1B-B653-217F54A2F226}.Release|Any CPU.Build.0 = Release|Any CPU
	EndGlobalSection
	GlobalSection(SolutionProperties) = preSolution
		HideSolutionNode = FALSE
	EndGlobalSection
	GlobalSection(ExtensibilityGlobals) = postSolution
		SolutionGuid = {953E9859-30D9-403E-84C7-1286CE7E1871}
	EndGlobalSection
EndGlobal
