
Microsoft Visual Studio Solution File, Format Version 12.00
# Visual Studio Version 17
VisualStudioVersion = 17.6.33712.159
MinimumVisualStudioVersion = 10.0.40219.1
Project("{FAE04EC0-301F-11D3-BF4B-00C04F79EFBC}") = "ConsoleApp3", "ConsoleApp3\ConsoleApp3.csproj", "{870D9783-153B-415A-AB59-B7D6DE58008B}"
EndProject
Global
	GlobalSection(SolutionConfigurationPlatforms) = preSolution
		Debug|Any CPU = Debug|Any CPU
		Release|Any CPU = Release|Any CPU
	EndGlobalSection
	GlobalSection(ProjectConfigurationPlatforms) = postSolution
		{870D9783-153B-415A-AB59-B7D6DE58008B}.Debug|Any CPU.ActiveCfg = Debug|Any CPU
		{870D9783-153B-415A-AB59-B7D6DE58008B}.Debug|Any CPU.Build.0 = Debug|Any CPU
		{870D9783-153B-415A-AB59-B7D6DE58008B}.Release|Any CPU.ActiveCfg = Release|Any CPU
		{870D9783-153B-415A-AB59-B7D6DE58008B}.Release|Any CPU.Build.0 = Release|Any CPU
	EndGlobalSection
	GlobalSection(SolutionProperties) = preSolution
		HideSolutionNode = FALSE
	EndGlobalSection
	GlobalSection(ExtensibilityGlobals) = postSolution
		SolutionGuid = {3A9DA7D1-6E36-4E34-BFBC-189968658A0B}
	EndGlobalSection
EndGlobal
